// !$*UTF8*$!
{
	archiveVersion = 1;
	classes = {
	};
	objectVersion = 50;
	objects = {

/* Begin PBXBuildFile section */
		A472834C2573658A00E95247 /* AppDelegate.swift in Sources */ = {isa = PBXBuildFile; fileRef = A472834B2573658A00E95247 /* AppDelegate.swift */; };
		A472834E2573658A00E95247 /* SceneDelegate.swift in Sources */ = {isa = PBXBuildFile; fileRef = A472834D2573658A00E95247 /* SceneDelegate.swift */; };
		A47283502573658A00E95247 /* HomeView.swift in Sources */ = {isa = PBXBuildFile; fileRef = A472834F2573658A00E95247 /* HomeView.swift */; };
		A47283522573658D00E95247 /* Assets.xcassets in Resources */ = {isa = PBXBuildFile; fileRef = A47283512573658D00E95247 /* Assets.xcassets */; };
		A47283552573658D00E95247 /* Preview Assets.xcassets in Resources */ = {isa = PBXBuildFile; fileRef = A47283542573658D00E95247 /* Preview Assets.xcassets */; };
		A47283582573658D00E95247 /* LaunchScreen.storyboard in Resources */ = {isa = PBXBuildFile; fileRef = A47283562573658D00E95247 /* LaunchScreen.storyboard */; };
		A4728361257365B800E95247 /* APIKey.swift in Sources */ = {isa = PBXBuildFile; fileRef = A4728360257365B800E95247 /* APIKey.swift */; };
		A4728381257367AD00E95247 /* Rating.swift in Sources */ = {isa = PBXBuildFile; fileRef = A472837F257367AD00E95247 /* Rating.swift */; };
		A4728382257367AD00E95247 /* URLImage.swift in Sources */ = {isa = PBXBuildFile; fileRef = A4728380257367AD00E95247 /* URLImage.swift */; };
		A4728387257367BF00E95247 /* ImageLoader.swift in Sources */ = {isa = PBXBuildFile; fileRef = A4728386257367BF00E95247 /* ImageLoader.swift */; };
		A47283922573685C00E95247 /* Constants.swift in Sources */ = {isa = PBXBuildFile; fileRef = A47283912573685C00E95247 /* Constants.swift */; };
		A47283962573699A00E95247 /* Movie.swift in Sources */ = {isa = PBXBuildFile; fileRef = A47283952573699A00E95247 /* Movie.swift */; };
		A472839925736B0900E95247 /* HTTPClient.swift in Sources */ = {isa = PBXBuildFile; fileRef = A472839825736B0900E95247 /* HTTPClient.swift */; };
		A472839C25736CA200E95247 /* README.md in Resources */ = {isa = PBXBuildFile; fileRef = A472839B25736CA200E95247 /* README.md */; };
		A472839F25736D4900E95247 /* MovieDetail.swift in Sources */ = {isa = PBXBuildFile; fileRef = A472839E25736D4900E95247 /* MovieDetail.swift */; };
		A47283A22573716400E95247 /* URL+Extension.swift in Sources */ = {isa = PBXBuildFile; fileRef = A47283A12573716400E95247 /* URL+Extension.swift */; };
		A47283A5257372C000E95247 /* MovieListViewModel.swift in Sources */ = {isa = PBXBuildFile; fileRef = A47283A4257372C000E95247 /* MovieListViewModel.swift */; };
		A47283B325737BD000E95247 /* MovieListView.swift in Sources */ = {isa = PBXBuildFile; fileRef = A47283B225737BD000E95247 /* MovieListView.swift */; };
		A47283B725737CA700E95247 /* View+Extension.swift in Sources */ = {isa = PBXBuildFile; fileRef = A47283B625737CA700E95247 /* View+Extension.swift */; };
/* End PBXBuildFile section */

/* Begin PBXFileReference section */
		A47283482573658A00E95247 /* MovieSearch.app */ = {isa = PBXFileReference; explicitFileType = wrapper.application; includeInIndex = 0; path = MovieSearch.app; sourceTree = BUILT_PRODUCTS_DIR; };
		A472834B2573658A00E95247 /* AppDelegate.swift */ = {isa = PBXFileReference; lastKnownFileType = sourcecode.swift; path = AppDelegate.swift; sourceTree = "<group>"; };
		A472834D2573658A00E95247 /* SceneDelegate.swift */ = {isa = PBXFileReference; lastKnownFileType = sourcecode.swift; path = SceneDelegate.swift; sourceTree = "<group>"; };
		A472834F2573658A00E95247 /* HomeView.swift */ = {isa = PBXFileReference; lastKnownFileType = sourcecode.swift; path = HomeView.swift; sourceTree = "<group>"; };
		A47283512573658D00E95247 /* Assets.xcassets */ = {isa = PBXFileReference; lastKnownFileType = folder.assetcatalog; path = Assets.xcassets; sourceTree = "<group>"; };
		A47283542573658D00E95247 /* Preview Assets.xcassets */ = {isa = PBXFileReference; lastKnownFileType = folder.assetcatalog; path = "Preview Assets.xcassets"; sourceTree = "<group>"; };
		A47283572573658D00E95247 /* Base */ = {isa = PBXFileReference; lastKnownFileType = file.storyboard; name = Base; path = Base.lproj/LaunchScreen.storyboard; sourceTree = "<group>"; };
		A47283592573658D00E95247 /* Info.plist */ = {isa = PBXFileReference; lastKnownFileType = text.plist.xml; path = Info.plist; sourceTree = "<group>"; };
		A4728360257365B800E95247 /* APIKey.swift */ = {isa = PBXFileReference; lastKnownFileType = sourcecode.swift; path = APIKey.swift; sourceTree = "<group>"; };
		A472837F257367AD00E95247 /* Rating.swift */ = {isa = PBXFileReference; fileEncoding = 4; lastKnownFileType = sourcecode.swift; path = Rating.swift; sourceTree = "<group>"; };
		A4728380257367AD00E95247 /* URLImage.swift */ = {isa = PBXFileReference; fileEncoding = 4; lastKnownFileType = sourcecode.swift; path = URLImage.swift; sourceTree = "<group>"; };
		A4728386257367BF00E95247 /* ImageLoader.swift */ = {isa = PBXFileReference; fileEncoding = 4; lastKnownFileType = sourcecode.swift; path = ImageLoader.swift; sourceTree = "<group>"; };
		A47283912573685C00E95247 /* Constants.swift */ = {isa = PBXFileReference; lastKnownFileType = sourcecode.swift; path = Constants.swift; sourceTree = "<group>"; };
		A47283952573699A00E95247 /* Movie.swift */ = {isa = PBXFileReference; lastKnownFileType = sourcecode.swift; path = Movie.swift; sourceTree = "<group>"; };
		A472839825736B0900E95247 /* HTTPClient.swift */ = {isa = PBXFileReference; lastKnownFileType = sourcecode.swift; path = HTTPClient.swift; sourceTree = "<group>"; };
		A472839B25736CA200E95247 /* README.md */ = {isa = PBXFileReference; lastKnownFileType = net.daringfireball.markdown; path = README.md; sourceTree = "<group>"; };
		A472839E25736D4900E95247 /* MovieDetail.swift */ = {isa = PBXFileReference; lastKnownFileType = sourcecode.swift; path = MovieDetail.swift; sourceTree = "<group>"; };
		A47283A12573716400E95247 /* URL+Extension.swift */ = {isa = PBXFileReference; lastKnownFileType = sourcecode.swift; path = "URL+Extension.swift"; sourceTree = "<group>"; };
		A47283A4257372C000E95247 /* MovieListViewModel.swift */ = {isa = PBXFileReference; lastKnownFileType = sourcecode.swift; path = MovieListViewModel.swift; sourceTree = "<group>"; };
		A47283B225737BD000E95247 /* MovieListView.swift */ = {isa = PBXFileReference; lastKnownFileType = sourcecode.swift; path = MovieListView.swift; sourceTree = "<group>"; };
		A47283B625737CA700E95247 /* View+Extension.swift */ = {isa = PBXFileReference; lastKnownFileType = sourcecode.swift; path = "View+Extension.swift"; sourceTree = "<group>"; };
/* End PBXFileReference section */

/* Begin PBXFrameworksBuildPhase section */
		A47283452573658A00E95247 /* Frameworks */ = {
			isa = PBXFrameworksBuildPhase;
			buildActionMask = 2147483647;
			files = (
			);
			runOnlyForDeploymentPostprocessing = 0;
		};
/* End PBXFrameworksBuildPhase section */

/* Begin PBXGroup section */
		A472833F2573658A00E95247 = {
			isa = PBXGroup;
			children = (
				A472839B25736CA200E95247 /* README.md */,
				A472834A2573658A00E95247 /* MovieSearch */,
				A47283492573658A00E95247 /* Products */,
			);
			sourceTree = "<group>";
		};
		A47283492573658A00E95247 /* Products */ = {
			isa = PBXGroup;
			children = (
				A47283482573658A00E95247 /* MovieSearch.app */,
			);
			name = Products;
			sourceTree = "<group>";
		};
		A472834A2573658A00E95247 /* MovieSearch */ = {
			isa = PBXGroup;
			children = (
				A47283632573675500E95247 /* App */,
				A472838B257367D200E95247 /* Models */,
				A4728390257367EF00E95247 /* Views */,
				A472838F257367EB00E95247 /* View Models */,
				A472838E257367E700E95247 /* Utils */,
				A472838D257367E300E95247 /* Services */,
				A472837E257367A300E95247 /* Controls */,
				A4728385257367B800E95247 /* Loaders */,
				A4728384257367B200E95247 /* Extensions */,
				A47283532573658D00E95247 /* Preview Content */,
			);
			path = MovieSearch;
			sourceTree = "<group>";
		};
		A47283532573658D00E95247 /* Preview Content */ = {
			isa = PBXGroup;
			children = (
				A47283542573658D00E95247 /* Preview Assets.xcassets */,
			);
			path = "Preview Content";
			sourceTree = "<group>";
		};
		A47283632573675500E95247 /* App */ = {
			isa = PBXGroup;
			children = (
				A472834B2573658A00E95247 /* AppDelegate.swift */,
				A472834D2573658A00E95247 /* SceneDelegate.swift */,
				A47283512573658D00E95247 /* Assets.xcassets */,
				A47283562573658D00E95247 /* LaunchScreen.storyboard */,
				A47283592573658D00E95247 /* Info.plist */,
				A4728360257365B800E95247 /* APIKey.swift */,
			);
			name = App;
			sourceTree = "<group>";
		};
		A472837E257367A300E95247 /* Controls */ = {
			isa = PBXGroup;
			children = (
				A472837F257367AD00E95247 /* Rating.swift */,
				A4728380257367AD00E95247 /* URLImage.swift */,
			);
			path = Controls;
			sourceTree = "<group>";
		};
		A4728384257367B200E95247 /* Extensions */ = {
			isa = PBXGroup;
			children = (
				A47283A12573716400E95247 /* URL+Extension.swift */,
				A47283B625737CA700E95247 /* View+Extension.swift */,
			);
			path = Extensions;
			sourceTree = "<group>";
		};
		A4728385257367B800E95247 /* Loaders */ = {
			isa = PBXGroup;
			children = (
				A4728386257367BF00E95247 /* ImageLoader.swift */,
			);
			path = Loaders;
			sourceTree = "<group>";
		};
		A472838B257367D200E95247 /* Models */ = {
			isa = PBXGroup;
			children = (
				A47283952573699A00E95247 /* Movie.swift */,
				A472839E25736D4900E95247 /* MovieDetail.swift */,
			);
			path = Models;
			sourceTree = "<group>";
		};
		A472838D257367E300E95247 /* Services */ = {
			isa = PBXGroup;
			children = (
				A472839825736B0900E95247 /* HTTPClient.swift */,
			);
			path = Services;
			sourceTree = "<group>";
		};
		A472838E257367E700E95247 /* Utils */ = {
			isa = PBXGroup;
			children = (
				A47283912573685C00E95247 /* Constants.swift */,
			);
			path = Utils;
			sourceTree = "<group>";
		};
		A472838F257367EB00E95247 /* View Models */ = {
			isa = PBXGroup;
			children = (
				A47283A4257372C000E95247 /* MovieListViewModel.swift */,
			);
			path = "View Models";
			sourceTree = "<group>";
		};
		A4728390257367EF00E95247 /* Views */ = {
			isa = PBXGroup;
			children = (
				A472834F2573658A00E95247 /* HomeView.swift */,
				A47283B225737BD000E95247 /* MovieListView.swift */,
			);
			path = Views;
			sourceTree = "<group>";
		};
/* End PBXGroup section */

/* Begin PBXNativeTarget section */
		A47283472573658A00E95247 /* MovieSearch */ = {
			isa = PBXNativeTarget;
			buildConfigurationList = A472835C2573658D00E95247 /* Build configuration list for PBXNativeTarget "MovieSearch" */;
			buildPhases = (
				A47283442573658A00E95247 /* Sources */,
				A47283452573658A00E95247 /* Frameworks */,
				A47283462573658A00E95247 /* Resources */,
			);
			buildRules = (
			);
			dependencies = (
			);
			name = MovieSearch;
			productName = MovieSearch;
			productReference = A47283482573658A00E95247 /* MovieSearch.app */;
			productType = "com.apple.product-type.application";
		};
/* End PBXNativeTarget section */

/* Begin PBXProject section */
		A47283402573658A00E95247 /* Project object */ = {
			isa = PBXProject;
			attributes = {
				LastSwiftUpdateCheck = 1220;
				LastUpgradeCheck = 1220;
				TargetAttributes = {
					A47283472573658A00E95247 = {
						CreatedOnToolsVersion = 12.2;
					};
				};
			};
			buildConfigurationList = A47283432573658A00E95247 /* Build configuration list for PBXProject "MovieSearch" */;
			compatibilityVersion = "Xcode 9.3";
			developmentRegion = en;
			hasScannedForEncodings = 0;
			knownRegions = (
				en,
				Base,
			);
			mainGroup = A472833F2573658A00E95247;
			productRefGroup = A47283492573658A00E95247 /* Products */;
			projectDirPath = "";
			projectRoot = "";
			targets = (
				A47283472573658A00E95247 /* MovieSearch */,
			);
		};
/* End PBXProject section */

/* Begin PBXResourcesBuildPhase section */
		A47283462573658A00E95247 /* Resources */ = {
			isa = PBXResourcesBuildPhase;
			buildActionMask = 2147483647;
			files = (
				A47283582573658D00E95247 /* LaunchScreen.storyboard in Resources */,
				A47283552573658D00E95247 /* Preview Assets.xcassets in Resources */,
				A472839C25736CA200E95247 /* README.md in Resources */,
				A47283522573658D00E95247 /* Assets.xcassets in Resources */,
			);
			runOnlyForDeploymentPostprocessing = 0;
		};
/* End PBXResourcesBuildPhase section */

/* Begin PBXSourcesBuildPhase section */
		A47283442573658A00E95247 /* Sources */ = {
			isa = PBXSourcesBuildPhase;
			buildActionMask = 2147483647;
			files = (
				A4728387257367BF00E95247 /* ImageLoader.swift in Sources */,
				A472834C2573658A00E95247 /* AppDelegate.swift in Sources */,
				A47283962573699A00E95247 /* Movie.swift in Sources */,
				A4728382257367AD00E95247 /* URLImage.swift in Sources */,
				A472834E2573658A00E95247 /* SceneDelegate.swift in Sources */,
				A47283A5257372C000E95247 /* MovieListViewModel.swift in Sources */,
				A47283B325737BD000E95247 /* MovieListView.swift in Sources */,
				A47283B725737CA700E95247 /* View+Extension.swift in Sources */,
				A47283A22573716400E95247 /* URL+Extension.swift in Sources */,
				A4728381257367AD00E95247 /* Rating.swift in Sources */,
				A472839925736B0900E95247 /* HTTPClient.swift in Sources */,
				A4728361257365B800E95247 /* APIKey.swift in Sources */,
				A47283502573658A00E95247 /* HomeView.swift in Sources */,
				A47283922573685C00E95247 /* Constants.swift in Sources */,
				A472839F25736D4900E95247 /* MovieDetail.swift in Sources */,
			);
			runOnlyForDeploymentPostprocessing = 0;
		};
/* End PBXSourcesBuildPhase section */

/* Begin PBXVariantGroup section */
		A47283562573658D00E95247 /* LaunchScreen.storyboard */ = {
			isa = PBXVariantGroup;
			children = (
				A47283572573658D00E95247 /* Base */,
			);
			name = LaunchScreen.storyboard;
			sourceTree = "<group>";
		};
/* End PBXVariantGroup section */

/* Begin XCBuildConfiguration section */
		A472835A2573658D00E95247 /* Debug */ = {
			isa = XCBuildConfiguration;
			buildSettings = {
				ALWAYS_SEARCH_USER_PATHS = NO;
				CLANG_ANALYZER_NONNULL = YES;
				CLANG_ANALYZER_NUMBER_OBJECT_CONVERSION = YES_AGGRESSIVE;
				CLANG_CXX_LANGUAGE_STANDARD = "gnu++14";
				CLANG_CXX_LIBRARY = "libc++";
				CLANG_ENABLE_MODULES = YES;
				CLANG_ENABLE_OBJC_ARC = YES;
				CLANG_ENABLE_OBJC_WEAK = YES;
				CLANG_WARN_BLOCK_CAPTURE_AUTORELEASING = YES;
				CLANG_WARN_BOOL_CONVERSION = YES;
				CLANG_WARN_COMMA = YES;
				CLANG_WARN_CONSTANT_CONVERSION = YES;
				CLANG_WARN_DEPRECATED_OBJC_IMPLEMENTATIONS = YES;
				CLANG_WARN_DIRECT_OBJC_ISA_USAGE = YES_ERROR;
				CLANG_WARN_DOCUMENTATION_COMMENTS = YES;
				CLANG_WARN_EMPTY_BODY = YES;
				CLANG_WARN_ENUM_CONVERSION = YES;
				CLANG_WARN_INFINITE_RECURSION = YES;
				CLANG_WARN_INT_CONVERSION = YES;
				CLANG_WARN_NON_LITERAL_NULL_CONVERSION = YES;
				CLANG_WARN_OBJC_IMPLICIT_RETAIN_SELF = YES;
				CLANG_WARN_OBJC_LITERAL_CONVERSION = YES;
				CLANG_WARN_OBJC_ROOT_CLASS = YES_ERROR;
				CLANG_WARN_QUOTED_INCLUDE_IN_FRAMEWORK_HEADER = YES;
				CLANG_WARN_RANGE_LOOP_ANALYSIS = YES;
				CLANG_WARN_STRICT_PROTOTYPES = YES;
				CLANG_WARN_SUSPICIOUS_MOVE = YES;
				CLANG_WARN_UNGUARDED_AVAILABILITY = YES_AGGRESSIVE;
				CLANG_WARN_UNREACHABLE_CODE = YES;
				CLANG_WARN__DUPLICATE_METHOD_MATCH = YES;
				COPY_PHASE_STRIP = NO;
				DEBUG_INFORMATION_FORMAT = dwarf;
				ENABLE_STRICT_OBJC_MSGSEND = YES;
				ENABLE_TESTABILITY = YES;
				GCC_C_LANGUAGE_STANDARD = gnu11;
				GCC_DYNAMIC_NO_PIC = NO;
				GCC_NO_COMMON_BLOCKS = YES;
				GCC_OPTIMIZATION_LEVEL = 0;
				GCC_PREPROCESSOR_DEFINITIONS = (
					"DEBUG=1",
					"$(inherited)",
				);
				GCC_WARN_64_TO_32_BIT_CONVERSION = YES;
				GCC_WARN_ABOUT_RETURN_TYPE = YES_ERROR;
				GCC_WARN_UNDECLARED_SELECTOR = YES;
				GCC_WARN_UNINITIALIZED_AUTOS = YES_AGGRESSIVE;
				GCC_WARN_UNUSED_FUNCTION = YES;
				GCC_WARN_UNUSED_VARIABLE = YES;
				IPHONEOS_DEPLOYMENT_TARGET = 14.2;
				MTL_ENABLE_DEBUG_INFO = INCLUDE_SOURCE;
				MTL_FAST_MATH = YES;
				ONLY_ACTIVE_ARCH = YES;
				SDKROOT = iphoneos;
				SWIFT_ACTIVE_COMPILATION_CONDITIONS = DEBUG;
				SWIFT_OPTIMIZATION_LEVEL = "-Onone";
			};
			name = Debug;
		};
		A472835B2573658D00E95247 /* Release */ = {
			isa = XCBuildConfiguration;
			buildSettings = {
				ALWAYS_SEARCH_USER_PATHS = NO;
				CLANG_ANALYZER_NONNULL = YES;
				CLANG_ANALYZER_NUMBER_OBJECT_CONVERSION = YES_AGGRESSIVE;
				CLANG_CXX_LANGUAGE_STANDARD = "gnu++14";
				CLANG_CXX_LIBRARY = "libc++";
				CLANG_ENABLE_MODULES = YES;
				CLANG_ENABLE_OBJC_ARC = YES;
				CLANG_ENABLE_OBJC_WEAK = YES;
				CLANG_WARN_BLOCK_CAPTURE_AUTORELEASING = YES;
				CLANG_WARN_BOOL_CONVERSION = YES;
				CLANG_WARN_COMMA = YES;
				CLANG_WARN_CONSTANT_CONVERSION = YES;
				CLANG_WARN_DEPRECATED_OBJC_IMPLEMENTATIONS = YES;
				CLANG_WARN_DIRECT_OBJC_ISA_USAGE = YES_ERROR;
				CLANG_WARN_DOCUMENTATION_COMMENTS = YES;
				CLANG_WARN_EMPTY_BODY = YES;
				CLANG_WARN_ENUM_CONVERSION = YES;
				CLANG_WARN_INFINITE_RECURSION = YES;
				CLANG_WARN_INT_CONVERSION = YES;
				CLANG_WARN_NON_LITERAL_NULL_CONVERSION = YES;
				CLANG_WARN_OBJC_IMPLICIT_RETAIN_SELF = YES;
				CLANG_WARN_OBJC_LITERAL_CONVERSION = YES;
				CLANG_WARN_OBJC_ROOT_CLASS = YES_ERROR;
				CLANG_WARN_QUOTED_INCLUDE_IN_FRAMEWORK_HEADER = YES;
				CLANG_WARN_RANGE_LOOP_ANALYSIS = YES;
				CLANG_WARN_STRICT_PROTOTYPES = YES;
				CLANG_WARN_SUSPICIOUS_MOVE = YES;
				CLANG_WARN_UNGUARDED_AVAILABILITY = YES_AGGRESSIVE;
				CLANG_WARN_UNREACHABLE_CODE = YES;
				CLANG_WARN__DUPLICATE_METHOD_MATCH = YES;
				COPY_PHASE_STRIP = NO;
				DEBUG_INFORMATION_FORMAT = "dwarf-with-dsym";
				ENABLE_NS_ASSERTIONS = NO;
				ENABLE_STRICT_OBJC_MSGSEND = YES;
				GCC_C_LANGUAGE_STANDARD = gnu11;
				GCC_NO_COMMON_BLOCKS = YES;
				GCC_WARN_64_TO_32_BIT_CONVERSION = YES;
				GCC_WARN_ABOUT_RETURN_TYPE = YES_ERROR;
				GCC_WARN_UNDECLARED_SELECTOR = YES;
				GCC_WARN_UNINITIALIZED_AUTOS = YES_AGGRESSIVE;
				GCC_WARN_UNUSED_FUNCTION = YES;
				GCC_WARN_UNUSED_VARIABLE = YES;
				IPHONEOS_DEPLOYMENT_TARGET = 14.2;
				MTL_ENABLE_DEBUG_INFO = NO;
				MTL_FAST_MATH = YES;
				SDKROOT = iphoneos;
				SWIFT_COMPILATION_MODE = wholemodule;
				SWIFT_OPTIMIZATION_LEVEL = "-O";
				VALIDATE_PRODUCT = YES;
			};
			name = Release;
		};
		A472835D2573658D00E95247 /* Debug */ = {
			isa = XCBuildConfiguration;
			buildSettings = {
				ASSETCATALOG_COMPILER_APPICON_NAME = AppIcon;
				ASSETCATALOG_COMPILER_GLOBAL_ACCENT_COLOR_NAME = AccentColor;
				CODE_SIGN_STYLE = Automatic;
				DEVELOPMENT_ASSET_PATHS = "\"MovieSearch/Preview Content\"";
				DEVELOPMENT_TEAM = 6U769Q36UT;
				ENABLE_PREVIEWS = YES;
				INFOPLIST_FILE = MovieSearch/Info.plist;
				LD_RUNPATH_SEARCH_PATHS = (
					"$(inherited)",
					"@executable_path/Frameworks",
				);
				PRODUCT_BUNDLE_IDENTIFIER = net.aaronlab.MovieSearch;
				PRODUCT_NAME = "$(TARGET_NAME)";
				SWIFT_VERSION = 5.0;
				TARGETED_DEVICE_FAMILY = "1,2";
			};
			name = Debug;
		};
		A472835E2573658D00E95247 /* Release */ = {
			isa = XCBuildConfiguration;
			buildSettings = {
				ASSETCATALOG_COMPILER_APPICON_NAME = AppIcon;
				ASSETCATALOG_COMPILER_GLOBAL_ACCENT_COLOR_NAME = AccentColor;
				CODE_SIGN_STYLE = Automatic;
				DEVELOPMENT_ASSET_PATHS = "\"MovieSearch/Preview Content\"";
				DEVELOPMENT_TEAM = 6U769Q36UT;
				ENABLE_PREVIEWS = YES;
				INFOPLIST_FILE = MovieSearch/Info.plist;
				LD_RUNPATH_SEARCH_PATHS = (
					"$(inherited)",
					"@executable_path/Frameworks",
				);
				PRODUCT_BUNDLE_IDENTIFIER = net.aaronlab.MovieSearch;
				PRODUCT_NAME = "$(TARGET_NAME)";
				SWIFT_VERSION = 5.0;
				TARGETED_DEVICE_FAMILY = "1,2";
			};
			name = Release;
		};
/* End XCBuildConfiguration section */

/* Begin XCConfigurationList section */
		A47283432573658A00E95247 /* Build configuration list for PBXProject "MovieSearch" */ = {
			isa = XCConfigurationList;
			buildConfigurations = (
				A472835A2573658D00E95247 /* Debug */,
				A472835B2573658D00E95247 /* Release */,
			);
			defaultConfigurationIsVisible = 0;
			defaultConfigurationName = Release;
		};
		A472835C2573658D00E95247 /* Build configuration list for PBXNativeTarget "MovieSearch" */ = {
			isa = XCConfigurationList;
			buildConfigurations = (
				A472835D2573658D00E95247 /* Debug */,
				A472835E2573658D00E95247 /* Release */,
			);
			defaultConfigurationIsVisible = 0;
			defaultConfigurationName = Release;
		};
/* End XCConfigurationList section */
	};
	rootObject = A47283402573658A00E95247 /* Project object */;
}
